
Microsoft Visual Studio Solution File, Format Version 12.00
# Visual Studio Version 17
VisualStudioVersion = 17.0.31903.59
MinimumVisualStudioVersion = 10.0.40219.1
Project("{FAE04EC0-301F-11D3-BF4B-00C04F79EFBC}") = "FarmFreshBackend", "FarmFreshBackend\FarmFreshBackend.csproj", "{F2FFAC25-F236-45FA-8C5A-3C87DAF45FDF}"
EndProject
Global
	GlobalSection(SolutionConfigurationPlatforms) = preSolution
		Debug|Any CPU = Debug|Any CPU
		Release|Any CPU = Release|Any CPU
	EndGlobalSection
	GlobalSection(ProjectConfigurationPlatforms) = postSolution
		{F2FFAC25-F236-45FA-8C5A-3C87DAF45FDF}.Debug|Any CPU.ActiveCfg = Debug|Any CPU
		{F2FFAC25-F236-45FA-8C5A-3C87DAF45FDF}.Debug|Any CPU.Build.0 = Debug|Any CPU
		{F2FFAC25-F236-45FA-8C5A-3C87DAF45FDF}.Release|Any CPU.ActiveCfg = Release|Any CPU
		{F2FFAC25-F236-45FA-8C5A-3C87DAF45FDF}.Release|Any CPU.Build.0 = Release|Any CPU
	EndGlobalSection
	GlobalSection(SolutionProperties) = preSolution
		HideSolutionNode = FALSE
	EndGlobalSection
	GlobalSection(ExtensibilityGlobals) = postSolution
		SolutionGuid = {B6CD7B74-2655-4F9E-810E-74B58A7489CD}
	EndGlobalSection
EndGlobal
